// !$*UTF8*$!
{
	archiveVersion = 1;
	classes = {
	};
	objectVersion = 56;
	objects = {

/* Begin PBXBuildFile section */
		A10000000000000000000001 /* HouseArrestApp.swift in Sources */ = {isa = PBXBuildFile; fileRef = B10000000000000000000001 /* HouseArrestApp.swift */; };
		A10000000000000000000002 /* RootTabView.swift in Sources */ = {isa = PBXBuildFile; fileRef = B10000000000000000000002 /* RootTabView.swift */; };
		A10000000000000000000003 /* Theme.swift in Sources */ = {isa = PBXBuildFile; fileRef = B10000000000000000000003 /* Theme.swift */; };
		A10000000000000000000004 /* AppModel.swift in Sources */ = {isa = PBXBuildFile; fileRef = B10000000000000000000004 /* AppModel.swift */; };
		A10000000000000000000005 /* PatchModels.swift in Sources */ = {isa = PBXBuildFile; fileRef = B10000000000000000000005 /* PatchModels.swift */; };
		A10000000000000000000006 /* DeviceInfo.swift in Sources */ = {isa = PBXBuildFile; fileRef = B10000000000000000000006 /* DeviceInfo.swift */; };
		A10000000000000000000007 /* ContainerAccess.swift in Sources */ = {isa = PBXBuildFile; fileRef = B10000000000000000000007 /* ContainerAccess.swift */; };
		A10000000000000000000008 /* PatchApplyService.swift in Sources */ = {isa = PBXBuildFile; fileRef = B10000000000000000000008 /* PatchApplyService.swift */; };
		A10000000000000000000009 /* HAPackageCodec.swift in Sources */ = {isa = PBXBuildFile; fileRef = B10000000000000000000009 /* HAPackageCodec.swift */; };
		A1000000000000000000000A /* HomeView.swift in Sources */ = {isa = PBXBuildFile; fileRef = B1000000000000000000000A /* HomeView.swift */; };
		A1000000000000000000000B /* PatchesView.swift in Sources */ = {isa = PBXBuildFile; fileRef = B1000000000000000000000B /* PatchesView.swift */; };
		A1000000000000000000000C /* LogsView.swift in Sources */ = {isa = PBXBuildFile; fileRef = B1000000000000000000000C /* LogsView.swift */; };
		A1000000000000000000000D /* SettingsView.swift in Sources */ = {isa = PBXBuildFile; fileRef = B1000000000000000000000D /* SettingsView.swift */; };
		A1000000000000000000000E /* Assets.xcassets in Resources */ = {isa = PBXBuildFile; fileRef = B1000000000000000000000E /* Assets.xcassets */; };
		A10000000000000000000010 /* FileImporterRepresentableView.swift in Sources */ = {isa = PBXBuildFile; fileRef = B10000000000000000000010 /* FileImporterRepresentableView.swift */; };
		A10000000000000000000011 /* UTType+HA.swift in Sources */ = {isa = PBXBuildFile; fileRef = B10000000000000000000011 /* UTType+HA.swift */; };
		A10000000000000000000012 /* bad_query.c in Sources */ = {isa = PBXBuildFile; fileRef = B10000000000000000000012 /* bad_query.c */; };
		A10000000000000000000013 /* mcm_bridge.m in Sources */ = {isa = PBXBuildFile; fileRef = B10000000000000000000013 /* mcm_bridge.m */; };
		A10000000000000000000017 /* InstalledApp.swift in Sources */ = {isa = PBXBuildFile; fileRef = B10000000000000000000017 /* InstalledApp.swift */; };
		A10000000000000000000018 /* AppDiscoveryService.swift in Sources */ = {isa = PBXBuildFile; fileRef = B10000000000000000000018 /* AppDiscoveryService.swift */; };
		A10000000000000000000019 /* AppsView.swift in Sources */ = {isa = PBXBuildFile; fileRef = B10000000000000000000019 /* AppsView.swift */; };
		A1000000000000000000001A /* AppCatalog.m in Sources */ = {isa = PBXBuildFile; fileRef = B1000000000000000000001A /* AppCatalog.m */; };
		A1000000000000000000001C /* LaunchServicesStore.swift in Sources */ = {isa = PBXBuildFile; fileRef = B1000000000000000000001C /* LaunchServicesStore.swift */; };
		A1000000000000000000001D /* AppCleanService.swift in Sources */ = {isa = PBXBuildFile; fileRef = B1000000000000000000001D /* AppCleanService.swift */; };
/* End PBXBuildFile section */

/* Begin PBXFileReference section */
		C10000000000000000000001 /* HouseArrest.app */ = {isa = PBXFileReference; explicitFileType = wrapper.application; includeInIndex = 0; path = HouseArrest.app; sourceTree = BUILT_PRODUCTS_DIR; };
		B10000000000000000000001 /* HouseArrestApp.swift */ = {isa = PBXFileReference; lastKnownFileType = sourcecode.swift; path = HouseArrestApp.swift; sourceTree = "<group>"; };
		B10000000000000000000002 /* RootTabView.swift */ = {isa = PBXFileReference; lastKnownFileType = sourcecode.swift; path = RootTabView.swift; sourceTree = "<group>"; };
		B10000000000000000000003 /* Theme.swift */ = {isa = PBXFileReference; lastKnownFileType = sourcecode.swift; path = Theme.swift; sourceTree = "<group>"; };
		B10000000000000000000004 /* AppModel.swift */ = {isa = PBXFileReference; lastKnownFileType = sourcecode.swift; path = AppModel.swift; sourceTree = "<group>"; };
		B10000000000000000000005 /* PatchModels.swift */ = {isa = PBXFileReference; lastKnownFileType = sourcecode.swift; path = PatchModels.swift; sourceTree = "<group>"; };
		B10000000000000000000006 /* DeviceInfo.swift */ = {isa = PBXFileReference; lastKnownFileType = sourcecode.swift; path = DeviceInfo.swift; sourceTree = "<group>"; };
		B10000000000000000000007 /* ContainerAccess.swift */ = {isa = PBXFileReference; lastKnownFileType = sourcecode.swift; path = ContainerAccess.swift; sourceTree = "<group>"; };
		B10000000000000000000008 /* PatchApplyService.swift */ = {isa = PBXFileReference; lastKnownFileType = sourcecode.swift; path = PatchApplyService.swift; sourceTree = "<group>"; };
		B10000000000000000000009 /* HAPackageCodec.swift */ = {isa = PBXFileReference; lastKnownFileType = sourcecode.swift; path = HAPackageCodec.swift; sourceTree = "<group>"; };
		B1000000000000000000000A /* HomeView.swift */ = {isa = PBXFileReference; lastKnownFileType = sourcecode.swift; path = HomeView.swift; sourceTree = "<group>"; };
		B1000000000000000000000B /* PatchesView.swift = {isa = PBXFileReference; lastKnownFileType = sourcecode.swift; path = PatchesView.swift; sourceTree = "<group>"; };
