// !$*UTF8*$!
{
	archiveVersion = 1;
	classes = {
	};
	objectVersion = 56;
	objects = {

/* Begin PBXBuildFile section */
		A10000000000000000000001 /* HouseArrestApp.swift in Sources */ = {isa = PBXBuildFile; fileRef = B10000000000000000000001 /* HouseArrestApp.swift */; };
		A10000000000000000000002 /* RootTabView.swift in Sources */ = {isa = PBXBuildFile; fileRef = B10000000000000000000002 /* RootTabView.swift */; };
		A10000000000000000000003 /* Theme.swift in Sources */ = {isa = PBXBuildFile; fileRef = B10000000000000000000003 /* Theme.swift */; };
		A10000000000000000000004 /* AppModel.swift in Sources */ = {isa = PBXBuildFile; fileRef = B10000000000000000000004 /* AppModel.swift */; };
		A10000000000000000000005 /* PatchModels.swift in Sources */ = {isa = PBXBuildFile; fileRef = B10000000000000000000005 /* PatchModels.swift */; };
		A10000000000000000000006 /* DeviceInfo.swift in Sources */ = {isa = PBXBuildFile; fileRef = B10000000000000000000006 /* DeviceInfo.swift */; };
		A10000000000000000000007 /* ContainerAccess.swift in Sources */ = {isa = PBXBuildFile; fileRef = B10000000000000000000007 /* ContainerAccess.swift */; };
		A10000000000000000000008 /* PatchApplyService.swift in Sources */ = {isa = PBXBuildFile; fileRef = B10000000000000000000008 /* PatchApplyService.swift */; };
		A10000000000000000000009 /* HAPackageCodec.swift in Sources */ = {isa = PBXBuildFile; fileRef = B10000000000000000000009 /* HAPackageCodec.swift */; };
		A1000000000000000000000A /* HomeView.swift in Sources */ = {isa = PBXBuildFile; fileRef = B1000000000000000000000A /* HomeView.swift */; };
		A1000000000000000000000B /* PatchesView.swift in Sources */ = {isa = PBXBuildFile; fileRef = B1000000000000000000000B /* PatchesView.swift */; };
		A1000000000000000000000C /* LogsView.swift in Sources */ = {isa = PBXBuildFile; fileRef = B1000000000000000000000C /* LogsView.swift */; };
		A1000000000000000000000D /* SettingsView.swift in Sources */ = {isa = PBXBuildFile; fileRef = B1000000000000000000000D /* SettingsView.swift */; };
		A1000000000000000000000E /* Assets.xcassets in Resources */ = {isa = PBXBuildFile; fileRef = B1000000000000000000000E /* Assets.xcassets */; };
		A10000000000000000000010 /* FileImporterRepresentableView.swift in Sources */ = {isa = PBXBuildFile; fileRef = B10000000000000000000010 /* FileImporterRepresentableView.swift */; };
		A10000000000000000000011 /* UTType+HA.swift in Sources */ = {isa = PBXBuildFile; fileRef = B10000000000000000000011 /* UTType+HA.swift */; };
		A10000000000000000000012 /* bad_query.c in Sources */ = {isa = PBXBuildFile; fileRef = B10000000000000000000012 /* bad_query.c */; };
		A10000000000000000000013 /* mcm_bridge.m in Sources */ = {isa = PBXBuildFile; fileRef = B10000000000000000000013 /* mcm_bridge.m */; };
		A10000000000000000000017 /* InstalledApp.swift in Sources */ = {isa = PBXBuildFile; fileRef = B10000000000000000000017 /* InstalledApp.swift */; };
		A10000000000000000000018 /* AppDiscoveryService.swift in Sources */ = {isa = PBXBuildFile; fileRef = B10000000000000000000018 /* AppDiscoveryService.swift */; };
		A10000000000000000000019 /* AppsView.swift in Sources */ = {isa = PBXBuildFile; fileRef = B10000000000000000000019 /* AppsView.swift */; };
		A1000000000000000000001A /* AppCatalog.m in Sources */ = {isa = PBXBuildFile; fileRef = B1000000000000000000001A /* AppCatalog.m */; };
		A1000000000000000000001C /* LaunchServicesStore.swift in Sources */ = {isa = PBXBuildFile; fileRef = B1000000000000000000001C /* LaunchServicesStore.swift */; };
		A1000000000000000000001D /* AppCleanService.swift in Sources */ = {isa = PBXBuildFile; fileRef = B1000000000000000000001D /* AppCleanService.swift */; };
		A1000000000000000000001E /* ContainerBrowserView.swift in Sources */ = {isa = PBXBuildFile; fileRef = B1000000000000000000001E /* ContainerBrowserView.swift */; };
		A1000000000000000000001F /* ZipUtil.swift in Sources */ = {isa = PBXBuildFile; fileRef = B1000000000000000000001F /* ZipUtil.swift */; };
		A10000000000000000000020 /* FileEditors.swift in Sources */ = {isa = PBXBuildFile; fileRef = B10000000000000000000020 /* FileEditors.swift */; };
		A10000000000000000000021 /* FolderBrowserView.swift in Sources */ = {isa = PBXBuildFile; fileRef = B10000000000000000000021 /* FolderBrowserView.swift */; };
		A10000000000000000000022 /* BrowseSupport.swift in Sources */ = {isa = PBXBuildFile; fileRef = B10000000000000000000022 /* BrowseSupport.swift */; };
		A10000000000000000000023 /* CreatePatchView.swift in Sources */ = {isa = PBXBuildFile; fileRef = B10000000000000000000023 /* CreatePatchView.swift */; };
/* End PBXBuildFile section */

/* Begin PBXFileReference section */
		C10000000000000000000001 /* HouseArrest.app */ = {isa = PBXFileReference; explicitFileType = wrapper.application; includeInIndex = 0; path = HouseArrest.app; sourceTree = BUILT_PRODUCTS_DIR; };
		B10000000000000000000001 /* HouseArrestApp.swift */ = {isa = PBXFileReference; lastKnownFileType = sourcecode.swift; path = HouseArrestApp.swift; sourceTree = "<group>"; };
		B10000000000000000000002 /* RootTabView.swift */ = {isa = PBXFileReference; lastKnownFileType = sourcecode.swift; path = RootTabView.swift; sourceTree = "<group>"; };
		B10000000000000000000003 /* Theme.swift */ = {isa = PBXFileReference; lastKnownFileType = sourcecode.swift; path = Theme.swift; sourceTree = "<group>"; };
		B10000000000000000000004 /* AppModel.swift */ = {isa = PBXFileReference; lastKnownFileType = sourcecode.swift; path = AppModel.swift; sourceTree = "<group>"; };
		B10000000000000000000005 /* PatchModels.swift */ = {isa = PBXFileReference; lastKnownFileType = sourcecode.swift; path = PatchModels.swift; sourceTree = "<group>"; };
		B10000000000000000000006 /* DeviceInfo.swift */ = {isa = PBXFileReference; lastKnownFileType = sourcecode.swift; path = DeviceInfo.swift; sourceTree = "<group>"; };
		B10000000000000000000007 /* ContainerAccess.swift */ = {isa = PBXFileReference; lastKnownFileType = sourcecode.swift; path = ContainerAccess.swift; sourceTree = "<group>"; };
		B10000000000000000000008 /* PatchApplyService.swift */ = {isa = PBXFileReference; lastKnownFileType = sourcecode.swift; path = PatchApplyService.swift; sourceTree = "<group>"; };
		B10000000000000000000009 /* HAPackageCodec.swift */ = {isa = PBXFileReference; lastKnownFileType = sourcecode.swift; path = HAPackageCodec.swift; sourceTree = "<group>"; };
		B1000000000000000000000A /* HomeView.swift */ = {isa = PBXFileReference; lastKnownFileType = sourcecode.swift; path = HomeView.swift; sourceTree = "<group>"; };
		B1000000000000000000000B /* PatchesView.swift */ = {isa = PBXFileReference; lastKnownFileType = sourcecode.swift; path = PatchesView.swift; sourceTree = "<group>"; };
		B1000000000000000000000C /* LogsView.swift */ = {isa = PBXFileReference; lastKnownFileType = sourcecode.swift; path = LogsView.swift; sourceTree = "<group>"; };
		B1000000000000000000000D /* SettingsView.swift */ = {isa = PBXFileReference; lastKnownFileType = sourcecode.swift; path = SettingsView.swift; sourceTree = "<group>"; };
		B1000000000000000000000E /* Assets.xcassets */ = {isa = PBXFileReference; lastKnownFileType = folder.assetcatalog; path = Assets.xcassets; sourceTree = "<group>"; };
		B1000000000000000000000F /* Info.plist */ = {isa = PBXFileReference; lastKnownFileType = text.plist.xml; path = Info.plist; sourceTree = "<group>"; };
		B10000000000000000000010 /* FileImporterRepresentableView.swift */ = {isa = PBXFileReference; lastKnownFileType = sourcecode.swift; path = FileImporterRepresentableView.swift; sourceTree = "<group>"; };
		B10000000000000000000011 /* UTType+HA.swift */ = {isa = PBXFileReference; lastKnownFileType = sourcecode.swift; path = "UTType+HA.swift"; sourceTree = "<group>"; };
		B10000000000000000000012 /* bad_query.c */ = {isa = PBXFileReference; lastKnownFileType = sourcecode.c.c; path = bad_query.c; sourceTree = "<group>"; };
		B10000000000000000000013 /* mcm_bridge.m */ = {isa = PBXFileReference; lastKnownFileType = sourcecode.c.objc; path = mcm_bridge.m; sourceTree = "<group>"; };
		B10000000000000000000014 /* bad_query.h */ = {isa = PBXFileReference; lastKnownFileType = sourcecode.c.h; path = bad_query.h; sourceTree = "<group>"; };
		B10000000000000000000015 /* mcm_bridge.h */ = {isa = PBXFileReference; lastKnownFileType = sourcecode.c.h; path = mcm_bridge.h; sourceTree = "<group>"; };
		B10000000000000000000016 /* Bridging-Header.h */ = {isa = PBXFileReference; lastKnownFileType = sourcecode.c.h; path = "Bridging-Header.h"; sourceTree = "<group>"; };
		B10000000000000000000017 /* InstalledApp.swift */ = {isa = PBXFileReference; lastKnownFileType = sourcecode.swift; path = InstalledApp.swift; sourceTree = "<group>"; };
		B10000000000000000000018 /* AppDiscoveryService.swift */ = {isa = PBXFileReference; lastKnownFileType = sourcecode.swift; path = AppDiscoveryService.swift; sourceTree = "<group>"; };
		B10000000000000000000019 /* AppsView.swift */ = {isa = PBXFileReference; lastKnownFileType = sourcecode.swift; path = AppsView.swift; sourceTree = "<group>"; };
		B1000000000000000000001A /* AppCatalog.m */ = {isa = PBXFileReference; lastKnownFileType = sourcecode.c.objc; path = AppCatalog.m; sourceTree = "<group>"; };
		B1000000000000000000001B /* AppCatalog.h */ = {isa = PBXFileReference; lastKnownFileType = sourcecode.c.h; path = AppCatalog.h; sourceTree = "<group>"; };
		B1000000000000000000001C /* LaunchServicesStore.swift */ = {isa = PBXFileReference; lastKnownFileType = sourcecode.swift; path = LaunchServicesStore.swift; sourceTree = "<group>"; };
		B1000000000000000000001D /* AppCleanService.swift */ = {isa = PBXFileReference; lastKnownFileType = sourcecode.swift; path = AppCleanService.swift; sourceTree = "<group>"; };
		B1000000000000000000001E /* ContainerBrowserView.swift */ = {isa = PBXFileReference; lastKnownFileType = sourcecode.swift; path = ContainerBrowserView.swift; sourceTree = "<group>"; };
		B1000000000000000000001F /* ZipUtil.swift */ = {isa = PBXFileReference; lastKnownFileType = sourcecode.swift; path = ZipUtil.swift; sourceTree = "<group>"; };
		B10000000000000000000020 /* FileEditors.swift */ = {isa = PBXFileReference; lastKnownFileType = sourcecode.swift; path = FileEditors.swift; sourceTree = "<group>"; };
		B10000000000000000000021 /* FolderBrowserView.swift */ = {isa = PBXFileReference; lastKnownFileType = sourcecode.swift; path = FolderBrowserView.swift; sourceTree = "<group>"; };
		B10000000000000000000022 /* BrowseSupport.swift */ = {isa = PBXFileReference; lastKnownFileType = sourcecode.swift; path = BrowseSupport.swift; sourceTree = "<group>"; };
		B10000000000000000000023 /* CreatePatchView.swift */ = {isa = PBXFileReference; lastKnownFileType = sourcecode.swift; path = CreatePatchView.swift; sourceTree = "<group>"; };
/* End PBXFileReference section */

/* Begin PBXFrameworksBuildPhase section */
		D10000000000000000000001 /* Frameworks */ = {
			isa = PBXFrameworksBuildPhase;
			buildActionMask = 2147483647;
			files = (
			);
			runOnlyForDeploymentPostprocessing = 0;
		};
/* End PBXFrameworksBuildPhase section */

/* Begin PBXGroup section */
		E10000000000000000000001 = {
			isa = PBXGroup;
			children = (
				E10000000000000000000002 /* HouseArrest */,
				E10000000000000000000003 /* Products */,
			);
			sourceTree = "<group>";
		};
		E10000000000000000000002 /* HouseArrest */ = {
			isa = PBXGroup;
			children = (
				B10000000000000000000001 /* HouseArrestApp.swift */,
				B10000000000000000000002 /* RootTabView.swift */,
				B10000000000000000000003 /* Theme.swift */,
				E10000000000000000000004 /* Models */,
				E10000000000000000000005 /* Services */,
				E10000000000000000000006 /* Views */,
				E10000000000000000000007 /* Extensions */,
				E10000000000000000000008 /* exploit */,
				B10000000000000000000016 /* Bridging-Header.h */,
				B1000000000000000000000E /* Assets.xcassets */,
				B1000000000000000000000F /* Info.plist */,
			);
			path = HouseArrest;
			sourceTree = "<group>";
		};
		E10000000000000000000003 /* Products */ = {
			isa = PBXGroup;
			children = (
				C10000000000000000000001 /* HouseArrest.app */,
			);
			name = Products;
			sourceTree = "<group>";
		};
		E10000000000000000000004 /* Models */ = {
			isa = PBXGroup;
			children = (
				B10000000000000000000004 /* AppModel.swift */,
				B10000000000000000000005 /* PatchModels.swift */,
				B10000000000000000000017 /* InstalledApp.swift */,
			);
			path = Models;
			sourceTree = "<group>";
		};
		E10000000000000000000005 /* Services */ = {
			isa = PBXGroup;
			children = (
				B10000000000000000000006 /* DeviceInfo.swift */,
				B10000000000000000000007 /* ContainerAccess.swift */,
				B10000000000000000000008 /* PatchApplyService.swift */,
				B10000000000000000000009 /* HAPackageCodec.swift */,
				B10000000000000000000018 /* AppDiscoveryService.swift */,
				B1000000000000000000001C /* LaunchServicesStore.swift */,
				B1000000000000000000001D /* AppCleanService.swift */,
				B1000000000000000000001F /* ZipUtil.swift */,
				B1000000000000000000001A /* AppCatalog.m */,
				B1000000000000000000001B /* AppCatalog.h */,
			);
			path = Services;
			sourceTree = "<group>";
		};
		E10000000000000000000006 /* Views */ = {
			isa = PBXGroup;
			children = (
				B1000000000000000000000A /* HomeView.swift */,
				B10000000000000000000019 /* AppsView.swift */,
				B1000000000000000000001E /* ContainerBrowserView.swift */,
				B10000000000000000000021 /* FolderBrowserView.swift */,
				B10000000000000000000022 /* BrowseSupport.swift */,
				B10000000000000000000023 /* CreatePatchView.swift */,
				B10000000000000000000020 /* FileEditors.swift */,
				B1000000000000000000000B /* PatchesView.swift */,
				B1000000000000000000000C /* LogsView.swift */,
				B1000000000000000000000D /* SettingsView.swift */,
				B10000000000000000000010 /* FileImporterRepresentableView.swift */,
			);
			path = Views;
			sourceTree = "<group>";
		};
		E10000000000000000000007 /* Extensions */ = {
			isa = PBXGroup;
			children = (
				B10000000000000000000011 /* UTType+HA.swift */,
			);
			path = Extensions;
			sourceTree = "<group>";
		};
		E10000000000000000000008 /* exploit */ = {
			isa = PBXGroup;
			children = (
				B10000000000000000000012 /* bad_query.c */,
				B10000000000000000000014 /* bad_query.h */,
				B10000000000000000000013 /* mcm_bridge.m */,
				B10000000000000000000015 /* mcm_bridge.h */,
			);
			path = exploit;
			sourceTree = "<group>";
		};
/* End PBXGroup section */

/* Begin PBXNativeTarget section */
		F10000000000000000000001 /* HouseArrest */ = {
			isa = PBXNativeTarget;
			buildConfigurationList = F10000000000000000000004 /* Build configuration list for PBXNativeTarget "HouseArrest" */;
			buildPhases = (
				F10000000000000000000002 /* Sources */,
				D10000000000000000000001 /* Frameworks */,
				F10000000000000000000003 /* Resources */,
			);
			buildRules = (
			);
			dependencies = (
			);
			name = HouseArrest;
			productName = HouseArrest;
			productReference = C10000000000000000000001 /* HouseArrest.app */;
			productType = "com.apple.product-type.application";
		};
/* End PBXNativeTarget section */

/* Begin PBXProject section */
		F10000000000000000000005 /* Project object */ = {
			isa = PBXProject;
			attributes = {
				BuildIndependentTargetsInParallel = 1;
				LastSwiftUpdateCheck = 1600;
				LastUpgradeCheck = 1600;
			};
			buildConfigurationList = F10000000000000000000006 /* Build configuration list for PBXProject "HouseArrest" */;
			compatibilityVersion = "Xcode 14.0";
			developmentRegion = en;
			hasScannedForEncodings = 0;
			knownRegions = (
				en,
				Base,
			);
			mainGroup = E10000000000000000000001;
			productRefGroup = E10000000000000000000003 /* Products */;
			projectDirPath = "";
			projectRoot = "";
			targets = (
				F10000000000000000000001 /* HouseArrest */,
			);
		};
/* End PBXProject section */

/* Begin PBXResourcesBuildPhase section */
		F10000000000000000000003 /* Resources */ = {
			isa = PBXResourcesBuildPhase;
			buildActionMask = 2147483647;
			files = (
				A1000000000000000000000E /* Assets.xcassets in Resources */,
			);
			runOnlyForDeploymentPostprocessing = 0;
		};
/* End PBXResourcesBuildPhase section */

/* Begin PBXSourcesBuildPhase section */
		F10000000000000000000002 /* Sources */ = {
			isa = PBXSourcesBuildPhase;
			buildActionMask = 2147483647;
			files = (
				A10000000000000000000001 /* HouseArrestApp.swift in Sources */,
				A10000000000000000000002 /* RootTabView.swift in Sources */,
				A10000000000000000000003 /* Theme.swift in Sources */,
				A10000000000000000000004 /* AppModel.swift in Sources */,
				A10000000000000000000005 /* PatchModels.swift in Sources */,
				A10000000000000000000006 /* DeviceInfo.swift in Sources */,
				A10000000000000000000007 /* ContainerAccess.swift in Sources */,
				A10000000000000000000008 /* PatchApplyService.swift in Sources */,
				A10000000000000000000009 /* HAPackageCodec.swift in Sources */,
				A1000000000000000000000A /* HomeView.swift in Sources */,
				A1000000000000000000000B /* PatchesView.swift in Sources */,
				A1000000000000000000000C /* LogsView.swift in Sources */,
				A1000000000000000000000D /* SettingsView.swift in Sources */,
				A10000000000000000000010 /* FileImporterRepresentableView.swift in Sources */,
				A10000000000000000000011 /* UTType+HA.swift in Sources */,
				A10000000000000000000012 /* bad_query.c in Sources */,
				A10000000000000000000013 /* mcm_bridge.m in Sources */,
				A10000000000000000000017 /* InstalledApp.swift in Sources */,
				A10000000000000000000018 /* AppDiscoveryService.swift in Sources */,
				A10000000000000000000019 /* AppsView.swift in Sources */,
				A1000000000000000000001A /* AppCatalog.m in Sources */,
				A1000000000000000000001C /* LaunchServicesStore.swift in Sources */,
				A1000000000000000000001D /* AppCleanService.swift in Sources */,
				A1000000000000000000001E /* ContainerBrowserView.swift in Sources */,
				A1000000000000000000001F /* ZipUtil.swift in Sources */,
				A10000000000000000000020 /* FileEditors.swift in Sources */,
				A10000000000000000000021 /* FolderBrowserView.swift in Sources */,
				A10000000000000000000022 /* BrowseSupport.swift in Sources */,
				A10000000000000000000023 /* CreatePatchView.swift in Sources */,
			);
			runOnlyForDeploymentPostprocessing = 0;
		};
/* End PBXSourcesBuildPhase section */

/* Begin XCBuildConfiguration section */
		F10000000000000000000007 /* Debug */ = {
			isa = XCBuildConfiguration;
			buildSettings = {
				ALWAYS_SEARCH_USER_PATHS = NO;
				CLANG_ENABLE_MODULES = YES;
				COPY_PHASE_STRIP = NO;
				DEBUG_INFORMATION_FORMAT = dwarf;
				GCC_DYNAMIC_NO_PIC = NO;
				IPHONEOS_DEPLOYMENT_TARGET = 18.0;
				ONLY_ACTIVE_ARCH = YES;
				SDKROOT = iphoneos;
				SWIFT_ACTIVE_COMPILATION_CONDITIONS = DEBUG;
				SWIFT_OPTIMIZATION_LEVEL = "-Onone";
			};
			name = Debug;
		};
		F10000000000000000000008 /* Release */ = {
			isa = XCBuildConfiguration;
			buildSettings = {
				ALWAYS_SEARCH_USER_PATHS = NO;
				CLANG_ENABLE_MODULES = YES;
				COPY_PHASE_STRIP = NO;
				IPHONEOS_DEPLOYMENT_TARGET = 18.0;
				SDKROOT = iphoneos;
				SWIFT_COMPILATION_MODE = wholemodule;
				VALIDATE_PRODUCT = YES;
			};
			name = Release;
		};
		F10000000000000000000009 /* Debug */ = {
			isa = XCBuildConfiguration;
			buildSettings = {
				ASSETCATALOG_COMPILER_APPICON_NAME = AppIcon;
				CLANG_ENABLE_MODULES = YES;
				CODE_SIGN_STYLE = Automatic;
				CURRENT_PROJECT_VERSION = 1;
				DEVELOPMENT_TEAM = "";
				GENERATE_INFOPLIST_FILE = YES;
				HEADER_SEARCH_PATHS = (
					"$(SRCROOT)/HouseArrest",
					"$(SRCROOT)/HouseArrest/exploit",
				);
				INFOPLIST_FILE = HouseArrest/Info.plist;
				INFOPLIST_KEY_CFBundleDisplayName = HouseArrest;
				INFOPLIST_KEY_UIApplicationSceneManifest_Generation = YES;
				INFOPLIST_KEY_UILaunchScreen_Generation = YES;
				INFOPLIST_KEY_UISupportedInterfaceOrientations = UIInterfaceOrientationPortrait;
				IPHONEOS_DEPLOYMENT_TARGET = 18.0;
				LD_RUNPATH_SEARCH_PATHS = (
					"$(inherited)",
					"@executable_path/Frameworks",
				);
				MARKETING_VERSION = 1.0;
				OTHER_LDFLAGS = (
					"-lz",
				);
				PRODUCT_BUNDLE_IDENTIFIER = com.apple.mobile.MobileHouseArrest;
				PRODUCT_NAME = "$(TARGET_NAME)";
				SUPPORTED_PLATFORMS = "iphoneos iphonesimulator";
				SWIFT_EMIT_LOC_STRINGS = YES;
				SWIFT_OBJC_BRIDGING_HEADER = "HouseArrest/Bridging-Header.h";
				SWIFT_VERSION = 5.0;
				TARGETED_DEVICE_FAMILY = "1,2";
			};
			name = Debug;
		};
		F1000000000000000000000A /* Release */ = {
			isa = XCBuildConfiguration;
			buildSettings = {
				ASSETCATALOG_COMPILER_APPICON_NAME = AppIcon;
				CLANG_ENABLE_MODULES = YES;
				CODE_SIGN_STYLE = Automatic;
				CURRENT_PROJECT_VERSION = 1;
				DEVELOPMENT_TEAM = "";
				GENERATE_INFOPLIST_FILE = YES;
				HEADER_SEARCH_PATHS = (
					"$(SRCROOT)/HouseArrest",
					"$(SRCROOT)/HouseArrest/exploit",
				);
				INFOPLIST_FILE = HouseArrest/Info.plist;
				INFOPLIST_KEY_CFBundleDisplayName = HouseArrest;
				INFOPLIST_KEY_UIApplicationSceneManifest_Generation = YES;
				INFOPLIST_KEY_UILaunchScreen_Generation = YES;
				INFOPLIST_KEY_UISupportedInterfaceOrientations = UIInterfaceOrientationPortrait;
				IPHONEOS_DEPLOYMENT_TARGET = 18.0;
				LD_RUNPATH_SEARCH_PATHS = (
					"$(inherited)",
					"@executable_path/Frameworks",
				);
				MARKETING_VERSION = 1.0;
				OTHER_LDFLAGS = (
					"-lz",
				);
				PRODUCT_BUNDLE_IDENTIFIER = com.apple.mobile.MobileHouseArrest;
				PRODUCT_NAME = "$(TARGET_NAME)";
				SUPPORTED_PLATFORMS = "iphoneos iphonesimulator";
				SWIFT_EMIT_LOC_STRINGS = YES;
				SWIFT_OBJC_BRIDGING_HEADER = "HouseArrest/Bridging-Header.h";
				SWIFT_VERSION = 5.0;
				TARGETED_DEVICE_FAMILY = "1,2";
			};
			name = Release;
		};
/* End XCBuildConfiguration section */

/* Begin XCConfigurationList section */
		F10000000000000000000006 /* Build configuration list for PBXProject "HouseArrest" */ = {
			isa = XCConfigurationList;
			buildConfigurations = (
				F10000000000000000000007 /* Debug */,
				F10000000000000000000008 /* Release */,
			);
			defaultConfigurationIsVisible = 0;
			defaultConfigurationName = Release;
		};
		F10000000000000000000004 /* Build configuration list for PBXNativeTarget "HouseArrest" */ = {
			isa = XCConfigurationList;
			buildConfigurations = (
				F10000000000000000000009 /* Debug */,
				F1000000000000000000000A /* Release */,
			);
			defaultConfigurationIsVisible = 0;
			defaultConfigurationName = Release;
		};
/* End XCConfigurationList section */
	};
	rootObject = F10000000000000000000005 /* Project object */;
}
